
Microsoft Visual Studio Solution File, Format Version 12.00
# Visual Studio Version 16
VisualStudioVersion = 16.0.28803.202
MinimumVisualStudioVersion = 10.0.40219.1
Project("{FAE04EC0-301F-11D3-BF4B-00C04F79EFBC}") = "HealthyPeopleAppDesktopClient", "HealthyPeopleAppDesktopClient\HealthyPeopleAppDesktopClient.csproj", "{079B39DF-90A3-47AD-98C5-14BBCCE8167A}"
EndProject
Project("{FAE04EC0-301F-11D3-BF4B-00C04F79EFBC}") = "healthyPeopleAndroidApp", "healthyPeopleAndroidApp\healthyPeopleAndroidApp.csproj", "{51CEB4A3-A0C6-4554-BDA7-BA18960C350D}"
EndProject
Project("{FAE04EC0-301F-11D3-BF4B-00C04F79EFBC}") = "HealthyPeopleDesktopClientPrototype", "HealthyPeopleDesktopClientPrototype\HealthyPeopleDesktopClientPrototype.csproj", "{33B3E7E3-7D94-4789-9EAE-3907108FBF91}"
EndProject
Project("{2150E333-8FDC-42A3-9474-1A3956D46DE8}") = "Solution Items", "Solution Items", "{AA0BD6C6-BC0C-4671-B424-A5E3746E0DA9}"
EndProject
Project("{FAE04EC0-301F-11D3-BF4B-00C04F79EFBC}") = "HealthyPeopleWebPortal", "HealthyPeopleWebPortal\HealthyPeopleWebPortal.csproj", "{74399ABB-CBB9-476B-AFD2-EF5507EE2BA7}"
EndProject
Global
	GlobalSection(SolutionConfigurationPlatforms) = preSolution
		Debug|Any CPU = Debug|Any CPU
		Release|Any CPU = Release|Any CPU
	EndGlobalSection
	GlobalSection(ProjectConfigurationPlatforms) = postSolution
		{079B39DF-90A3-47AD-98C5-14BBCCE8167A}.Debug|Any CPU.ActiveCfg = Debug|Any CPU
		{079B39DF-90A3-47AD-98C5-14BBCCE8167A}.Debug|Any CPU.Build.0 = Debug|Any CPU
		{079B39DF-90A3-47AD-98C5-14BBCCE8167A}.Release|Any CPU.ActiveCfg = Release|Any CPU
		{079B39DF-90A3-47AD-98C5-14BBCCE8167A}.Release|Any CPU.Build.0 = Release|Any CPU
		{51CEB4A3-A0C6-4554-BDA7-BA18960C350D}.Debug|Any CPU.ActiveCfg = Debug|Any CPU
		{51CEB4A3-A0C6-4554-BDA7-BA18960C350D}.Debug|Any CPU.Build.0 = Debug|Any CPU
		{51CEB4A3-A0C6-4554-BDA7-BA18960C350D}.Debug|Any CPU.Deploy.0 = Debug|Any CPU
		{51CEB4A3-A0C6-4554-BDA7-BA18960C350D}.Release|Any CPU.ActiveCfg = Release|Any CPU
		{51CEB4A3-A0C6-4554-BDA7-BA18960C350D}.Release|Any CPU.Build.0 = Release|Any CPU
		{51CEB4A3-A0C6-4554-BDA7-BA18960C350D}.Release|Any CPU.Deploy.0 = Release|Any CPU
		{33B3E7E3-7D94-4789-9EAE-3907108FBF91}.Debug|Any CPU.ActiveCfg = Debug|Any CPU
		{33B3E7E3-7D94-4789-9EAE-3907108FBF91}.Debug|Any CPU.Build.0 = Debug|Any CPU
		{33B3E7E3-7D94-4789-9EAE-3907108FBF91}.Release|Any CPU.ActiveCfg = Release|Any CPU
		{33B3E7E3-7D94-4789-9EAE-3907108FBF91}.Release|Any CPU.Build.0 = Release|Any CPU
		{74399ABB-CBB9-476B-AFD2-EF5507EE2BA7}.Debug|Any CPU.ActiveCfg = Debug|Any CPU
		{74399ABB-CBB9-476B-AFD2-EF5507EE2BA7}.Debug|Any CPU.Build.0 = Debug|Any CPU
		{74399ABB-CBB9-476B-AFD2-EF5507EE2BA7}.Release|Any CPU.ActiveCfg = Release|Any CPU
		{74399ABB-CBB9-476B-AFD2-EF5507EE2BA7}.Release|Any CPU.Build.0 = Release|Any CPU
	EndGlobalSection
	GlobalSection(SolutionProperties) = preSolution
		HideSolutionNode = FALSE
	EndGlobalSection
	GlobalSection(ExtensibilityGlobals) = postSolution
		SolutionGuid = {D261142E-2948-4C69-A556-7C0C14F84B23}
	EndGlobalSection
EndGlobal
